// !$*UTF8*$!
{
	archiveVersion = 1;
	classes = {
	};
	objectVersion = 46;
	objects = {

/* Begin PBXBuildFile section */
		2E0E0C5A1D43DE4200F51C4E /* AppDelegate.swift in Sources */ = {isa = PBXBuildFile; fileRef = 2E0E0C591D43DE4200F51C4E /* AppDelegate.swift */; };
		2E0E0C5C1D43DE4200F51C4E /* FirstViewController.swift in Sources */ = {isa = PBXBuildFile; fileRef = 2E0E0C5B1D43DE4200F51C4E /* FirstViewController.swift */; };
		2E0E0C5E1D43DE4200F51C4E /* SecondViewController.swift in Sources */ = {isa = PBXBuildFile; fileRef = 2E0E0C5D1D43DE4200F51C4E /* SecondViewController.swift */; };
		2E0E0C611D43DE4200F51C4E /* Main.storyboard in Resources */ = {isa = PBXBuildFile; fileRef = 2E0E0C5F1D43DE4200F51C4E /* Main.storyboard */; };
		2E0E0C631D43DE4200F51C4E /* Assets.xcassets in Resources */ = {isa = PBXBuildFile; fileRef = 2E0E0C621D43DE4200F51C4E /* Assets.xcassets */; };
		2E0E0C661D43DE4200F51C4E /* LaunchScreen.storyboard in Resources */ = {isa = PBXBuildFile; fileRef = 2E0E0C641D43DE4200F51C4E /* LaunchScreen.storyboard */; };
		2E0E0C6E1D43E62300F51C4E /* GoogleService-Info (1).plist in Resources */ = {isa = PBXBuildFile; fileRef = 2E0E0C6D1D43E62300F51C4E /* GoogleService-Info (1).plist */; };
		DDDB3232891700423E0CF42D /* Pods_NeighborFood.framework in Frameworks */ = {isa = PBXBuildFile; fileRef = F8251AA7FED29D03F1F04673 /* Pods_NeighborFood.framework */; };
/* End PBXBuildFile section */

/* Begin PBXFileReference section */
		2E0E0C561D43DE4200F51C4E /* NeighborFood.app */ = {isa = PBXFileReference; explicitFileType = wrapper.application; includeInIndex = 0; path = NeighborFood.app; sourceTree = BUILT_PRODUCTS_DIR; };
		2E0E0C591D43DE4200F51C4E /* AppDelegate.swift */ = {isa = PBXFileReference; lastKnownFileType = sourcecode.swift; path = AppDelegate.swift; sourceTree = "<group>"; };
		2E0E0C5B1D43DE4200F51C4E /* FirstViewController.swift */ = {isa = PBXFileReference; lastKnownFileType = sourcecode.swift; path = FirstViewController.swift; sourceTree = "<group>"; };
		2E0E0C5D1D43DE4200F51C4E /* SecondViewController.swift */ = {isa = PBXFileReference; lastKnownFileType = sourcecode.swift; path = SecondViewController.swift; sourceTree = "<group>"; };
		2E0E0C601D43DE4200F51C4E /* Base */ = {isa = PBXFileReference; lastKnownFileType = file.storyboard; name = Base; path = Base.lproj/Main.storyboard; sourceTree = "<group>"; };
		2E0E0C621D43DE4200F51C4E /* Assets.xcassets */ = {isa = PBXFileReference; lastKnownFileType = folder.assetcatalog; path = Assets.xcassets; sourceTree = "<group>"; };
		2E0E0C651D43DE4200F51C4E /* Base */ = {isa = PBXFileReference; lastKnownFileType = file.storyboard; name = Base; path = Base.lproj/LaunchScreen.storyboard; sourceTree = "<group>"; };
		2E0E0C671D43DE4200F51C4E /* Info.plist */ = {isa = PBXFileReference; lastKnownFileType = text.plist.xml; path = Info.plist; sourceTree = "<group>"; };
		2E0E0C6D1D43E62300F51C4E /* GoogleService-Info (1).plist */ = {isa = PBXFileReference; fileEncoding = 4; lastKnownFileType = text.plist.xml; path = "GoogleService-Info (1).plist"; sourceTree = "<group>"; };
		33F3DF8AA6A5EB5C358E2E22 /* Pods-NeighborFood.release.xcconfig */ = {isa = PBXFileReference; includeInIndex = 1; lastKnownFileType = text.xcconfig; name = "Pods-NeighborFood.release.xcconfig"; path = "Pods/Target Support Files/Pods-NeighborFood/Pods-NeighborFood.release.xcconfig"; sourceTree = "<group>"; };
		F1894F320277516AFB3EB2BE /* Pods-NeighborFood.debug.xcconfig */ = {isa = PBXFileReference; includeInIndex = 1; lastKnownFileType = text.xcconfig; name = "Pods-NeighborFood.debug.xcconfig"; path = "Pods/Target Support Files/Pods-NeighborFood/Pods-NeighborFood.debug.xcconfig"; sourceTree = "<group>"; };
		F8251AA7FED29D03F1F04673 /* Pods_NeighborFood.framework */ = {isa = PBXFileReference; explicitFileType = wrapper.framework; includeInIndex = 0; path = Pods_NeighborFood.framework; sourceTree = BUILT_PRODUCTS_DIR; };
/* End PBXFileReference section */

/* Begin PBXFrameworksBuildPhase section */
		2E0E0C531D43DE4200F51C4E /* Frameworks */ = {
			isa = PBXFrameworksBuildPhase;
			buildActionMask = 2147483647;
			files = (
				DDDB3232891700423E0CF42D /* Pods_NeighborFood.framework in Frameworks */,
			);
			runOnlyForDeploymentPostprocessing = 0;
		};
/* End PBXFrameworksBuildPhase section */

/* Begin PBXGroup section */
		0EA58DD041FD7CAA43555839 /* Frameworks */ = {
			isa = PBXGroup;
			children = (
				F8251AA7FED29D03F1F04673 /* Pods_NeighborFood.framework */,
			);
			name = Frameworks;
			sourceTree = "<group>";
		};
		2E0E0C4D1D43DE4200F51C4E = {
			isa = PBXGroup;
			children = (
				2E0E0C581D43DE4200F51C4E /* NeighborFood */,
				2E0E0C571D43DE4200F51C4E /* Products */,
				3BD6BAB47F7513C1993EBB17 /* Pods */,
				0EA58DD041FD7CAA43555839 /* Frameworks */,
			);
			sourceTree = "<group>";
		};
		2E0E0C571D43DE4200F51C4E /* Products */ = {
			isa = PBXGroup;
			children = (
				2E0E0C561D43DE4200F51C4E /* NeighborFood.app */,
			);
			name = Products;
			sourceTree = "<group>";
		};
		2E0E0C581D43DE4200F51C4E /* NeighborFood */ = {
			isa = PBXGroup;
			children = (
				2E0E0C591D43DE4200F51C4E /* AppDelegate.swift */,
				2E0E0C5B1D43DE4200F51C4E /* FirstViewController.swift */,
				2E0E0C5D1D43DE4200F51C4E /* SecondViewController.swift */,
				2E0E0C5F1D43DE4200F51C4E /* Main.storyboard */,
				2E0E0C621D43DE4200F51C4E /* Assets.xcassets */,
				2E0E0C6D1D43E62300F51C4E /* GoogleService-Info (1).plist */,
				2E0E0C641D43DE4200F51C4E /* LaunchScreen.storyboard */,
				2E0E0C671D43DE4200F51C4E /* Info.plist */,
			);
			path = NeighborFood;
			sourceTree = "<group>";
		};
		3BD6BAB47F7513C1993EBB17 /* Pods */ = {
			isa = PBXGroup;
			children = (
				F1894F320277516AFB3EB2BE /* Pods-NeighborFood.debug.xcconfig */,
				33F3DF8AA6A5EB5C358E2E22 /* Pods-NeighborFood.release.xcconfig */,
			);
			name = Pods;
			sourceTree = "<group>";
		};
/* End PBXGroup section */

/* Begin PBXNativeTarget section */
		2E0E0C551D43DE4200F51C4E /* NeighborFood */ = {
			isa = PBXNativeTarget;
			buildConfigurationList = 2E0E0C6A1D43DE4200F51C4E /* Build configuration list for PBXNativeTarget "NeighborFood" */;
			buildPhases = (
				FDCDE1F05E22F849106E653D /* [CP] Check Pods Manifest.lock */,
				2E0E0C521D43DE4200F51C4E /* Sources */,
				2E0E0C531D43DE4200F51C4E /* Frameworks */,
				2E0E0C541D43DE4200F51C4E /* Resources */,
				09C138483A8C323FE78143CC /* [CP] Embed Pods Frameworks */,
				AF0BFA47E05E934A25CB0D6C /* [CP] Copy Pods Resources */,
			);
			buildRules = (
			);
			dependencies = (
			);
			name = NeighborFood;
			productName = NeighborFood;
			productReference = 2E0E0C561D43DE4200F51C4E /* NeighborFood.app */;
			productType = "com.apple.product-type.application";
		};
/* End PBXNativeTarget section */

/* Begin PBXProject section */
		2E0E0C4E1D43DE4200F51C4E /* Project object */ = {
			isa = PBXProject;
			attributes = {
				LastSwiftUpdateCheck = 0730;
				LastUpgradeCheck = 0730;
				ORGANIZATIONNAME = "NeighborFood Team";
				TargetAttributes = {
					2E0E0C551D43DE4200F51C4E = {
						CreatedOnToolsVersion = 7.3.1;
					};
				};
			};
			buildConfigurationList = 2E0E0C511D43DE4200F51C4E /* Build configuration list for PBXProject "NeighborFood" */;
			compatibilityVersion = "Xcode 3.2";
			developmentRegion = English;
			hasScannedForEncodings = 0;
			knownRegions = (
				en,
				Base,
			);
			mainGroup = 2E0E0C4D1D43DE4200F51C4E;
			productRefGroup = 2E0E0C571D43DE4200F51C4E /* Products */;
			projectDirPath = "";
			projectRoot = "";
			targets = (
				2E0E0C551D43DE4200F51C4E /* NeighborFood */,
			);
		};
/* End PBXProject section */

/* Begin PBXResourcesBuildPhase section */
		2E0E0C541D43DE4200F51C4E /* Resources */ = {
			isa = PBXResourcesBuildPhase;
			buildActionMask = 2147483647;
			files = (
				2E0E0C661D43DE4200F51C4E /* LaunchScreen.storyboard in Resources */,
				2E0E0C631D43DE4200F51C4E /* Assets.xcassets in Resources */,
				2E0E0C611D43DE4200F51C4E /* Main.storyboard in Resources */,
				2E0E0C6E1D43E62300F51C4E /* GoogleService-Info (1).plist in Resources */,
			);
			runOnlyForDeploymentPostprocessing = 0;
		};
/* End PBXResourcesBuildPhase section */

/* Begin PBXShellScriptBuildPhase section */
		09C138483A8C323FE78143CC /* [CP] Embed Pods Frameworks */ = {
			isa = PBXShellScriptBuildPhase;
			buildActionMask = 2147483647;
			files = (
			);
			inputPaths = (
			);
			name = "[CP] Embed Pods Frameworks";
			outputPaths = (
			);
			runOnlyForDeploymentPostprocessing = 0;
			shellPath = /bin/sh;
			shellScript = "\"${SRCROOT}/Pods/Target Support Files/Pods-NeighborFood/Pods-NeighborFood-frameworks.sh\"\n";
			showEnvVarsInLog = 0;
		};
		AF0BFA47E05E934A25CB0D6C /* [CP] Copy Pods Resources */ = {
			isa = PBXShellScriptBuildPhase;
			buildActionMask = 2147483647;
			files = (
			);
			inputPaths = (
			);
			name = "[CP] Copy Pods Resources";
			outputPaths = (
			);
			runOnlyForDeploymentPostprocessing = 0;
			shellPath = /bin/sh;
			shellScript = "\"${SRCROOT}/Pods/Target Support Files/Pods-NeighborFood/Pods-NeighborFood-resources.sh\"\n";
			showEnvVarsInLog = 0;
		};
		FDCDE1F05E22F849106E653D /* [CP] Check Pods Manifest.lock */ = {
			isa = PBXShellScriptBuildPhase;
			buildActionMask = 2147483647;
			files = (
			);
			inputPaths = (
			);
			name = "[CP] Check Pods Manifest.lock";
			outputPaths = (
			);
			runOnlyForDeploymentPostprocessing = 0;
			shellPath = /bin/sh;
			shellScript = "diff \"${PODS_ROOT}/../Podfile.lock\" \"${PODS_ROOT}/Manifest.lock\" > /dev/null\nif [[ $? != 0 ]] ; then\n    cat << EOM\nerror: The sandbox is not in sync with the Podfile.lock. Run 'pod install' or update your CocoaPods installation.\nEOM\n    exit 1\nfi\n";
			showEnvVarsInLog = 0;
		};
/* End PBXShellScriptBuildPhase section */

/* Begin PBXSourcesBuildPhase section */
		2E0E0C521D43DE4200F51C4E /* Sources */ = {
			isa = PBXSourcesBuildPhase;
			buildActionMask = 2147483647;
			files = (
				2E0E0C5E1D43DE4200F51C4E /* SecondViewController.swift in Sources */,
				2E0E0C5A1D43DE4200F51C4E /* AppDelegate.swift in Sources */,
				2E0E0C5C1D43DE4200F51C4E /* FirstViewController.swift in Sources */,
			);
			runOnlyForDeploymentPostprocessing = 0;
		};
/* End PBXSourcesBuildPhase section */

/* Begin PBXVariantGroup section */
		2E0E0C5F1D43DE4200F51C4E /* Main.storyboard */ = {
			isa = PBXVariantGroup;
			children = (
				2E0E0C601D43DE4200F51C4E /* Base */,
			);
			name = Main.storyboard;
			sourceTree = "<group>";
		};
		2E0E0C641D43DE4200F51C4E /* LaunchScreen.storyboard */ = {
			isa = PBXVariantGroup;
			children = (
				2E0E0C651D43DE4200F51C4E /* Base */,
			);
			name = LaunchScreen.storyboard;
			sourceTree = "<group>";
		};
/* End PBXVariantGroup section */

/* Begin XCBuildConfiguration section */
		2E0E0C681D43DE4200F51C4E /* Debug */ = {
			isa = XCBuildConfiguration;
			buildSettings = {
				ALWAYS_SEARCH_USER_PATHS = NO;
				CLANG_ANALYZER_NONNULL = YES;
				CLANG_CXX_LANGUAGE_STANDARD = "gnu++0x";
				CLANG_CXX_LIBRARY = "libc++";
				CLANG_ENABLE_MODULES = YES;
				CLANG_ENABLE_OBJC_ARC = YES;
				CLANG_WARN_BOOL_CONVERSION = YES;
				CLANG_WARN_CONSTANT_CONVERSION = YES;
				CLANG_WARN_DIRECT_OBJC_ISA_USAGE = YES_ERROR;
				CLANG_WARN_EMPTY_BODY = YES;
				CLANG_WARN_ENUM_CONVERSION = YES;
				CLANG_WARN_INT_CONVERSION = YES;
				CLANG_WARN_OBJC_ROOT_CLASS = YES_ERROR;
				CLANG_WARN_UNREACHABLE_CODE = YES;
				CLANG_WARN__DUPLICATE_METHOD_MATCH = YES;
				"CODE_SIGN_IDENTITY[sdk=iphoneos*]" = "iPhone Developer";
				COPY_PHASE_STRIP = NO;
				DEBUG_INFORMATION_FORMAT = dwarf;
				ENABLE_STRICT_OBJC_MSGSEND = YES;
				ENABLE_TESTABILITY = YES;
				GCC_C_LANGUAGE_STANDARD = gnu99;
				GCC_DYNAMIC_NO_PIC = NO;
				GCC_NO_COMMON_BLOCKS = YES;
				GCC_OPTIMIZATION_LEVEL = 0;
				GCC_PREPROCESSOR_DEFINITIONS = (
					"DEBUG=1",
					"$(inherited)",
				);
				GCC_WARN_64_TO_32_BIT_CONVERSION = YES;
				GCC_WARN_ABOUT_RETURN_TYPE = YES_ERROR;
				GCC_WARN_UNDECLARED_SELECTOR = YES;
				GCC_WARN_UNINITIALIZED_AUTOS = YES_AGGRESSIVE;
				GCC_WARN_UNUSED_FUNCTION = YES;
				GCC_WARN_UNUSED_VARIABLE = YES;
				IPHONEOS_DEPLOYMENT_TARGET = 9.3;
				MTL_ENABLE_DEBUG_INFO = YES;
				ONLY_ACTIVE_ARCH = YES;
				SDKROOT = iphoneos;
				SWIFT_OPTIMIZATION_LEVEL = "-Onone";
			};
			name = Debug;
		};
		2E0E0C691D43DE4200F51C4E /* Release */ = {
			isa = XCBuildConfiguration;
			buildSettings = {
				ALWAYS_SEARCH_USER_PATHS = NO;
				CLANG_ANALYZER_NONNULL = YES;
				CLANG_CXX_LANGUAGE_STANDARD = "gnu++0x";
				CLANG_CXX_LIBRARY = "libc++";
				CLANG_ENABLE_MODULES = YES;
				CLANG_ENABLE_OBJC_ARC = YES;
				CLANG_WARN_BOOL_CONVERSION = YES;
				CLANG_WARN_CONSTANT_CONVERSION = YES;
				CLANG_WARN_DIRECT_OBJC_ISA_USAGE = YES_ERROR;
				CLANG_WARN_EMPTY_BODY = YES;
				CLANG_WARN_ENUM_CONVERSION = YES;
				CLANG_WARN_INT_CONVERSION = YES;
				CLANG_WARN_OBJC_ROOT_CLASS = YES_ERROR;
				CLANG_WARN_UNREACHABLE_CODE = YES;
				CLANG_WARN__DUPLICATE_METHOD_MATCH = YES;
				"CODE_SIGN_IDENTITY[sdk=iphoneos*]" = "iPhone Developer";
				COPY_PHASE_STRIP = NO;
				DEBUG_INFORMATION_FORMAT = "dwarf-with-dsym";
				ENABLE_NS_ASSERTIONS = NO;
				ENABLE_STRICT_OBJC_MSGSEND = YES;
				GCC_C_LANGUAGE_STANDARD = gnu99;
				GCC_NO_COMMON_BLOCKS = YES;
				GCC_WARN_64_TO_32_BIT_CONVERSION = YES;
				GCC_WARN_ABOUT_RETURN_TYPE = YES_ERROR;
				GCC_WARN_UNDECLARED_SELECTOR = YES;
				GCC_WARN_UNINITIALIZED_AUTOS = YES_AGGRESSIVE;
				GCC_WARN_UNUSED_FUNCTION = YES;
				GCC_WARN_UNUSED_VARIABLE = YES;
				IPHONEOS_DEPLOYMENT_TARGET = 9.3;
				MTL_ENABLE_DEBUG_INFO = NO;
				SDKROOT = iphoneos;
				VALIDATE_PRODUCT = YES;
			};
			name = Release;
		};
		2E0E0C6B1D43DE4200F51C4E /* Debug */ = {
			isa = XCBuildConfiguration;
			baseConfigurationReference = F1894F320277516AFB3EB2BE /* Pods-NeighborFood.debug.xcconfig */;
			buildSettings = {
				ASSETCATALOG_COMPILER_APPICON_NAME = AppIcon;
				INFOPLIST_FILE = NeighborFood/Info.plist;
				LD_RUNPATH_SEARCH_PATHS = "$(inherited) @executable_path/Frameworks";
				PRODUCT_BUNDLE_IDENTIFIER = NeighborFood.NeighborFood;
				PRODUCT_NAME = "$(TARGET_NAME)";
			};
			name = Debug;
		};
		2E0E0C6C1D43DE4200F51C4E /* Release */ = {
			isa = XCBuildConfiguration;
			baseConfigurationReference = 33F3DF8AA6A5EB5C358E2E22 /* Pods-NeighborFood.release.xcconfig */;
			buildSettings = {
				ASSETCATALOG_COMPILER_APPICON_NAME = AppIcon;
				INFOPLIST_FILE = NeighborFood/Info.plist;
				LD_RUNPATH_SEARCH_PATHS = "$(inherited) @executable_path/Frameworks";
				PRODUCT_BUNDLE_IDENTIFIER = NeighborFood.NeighborFood;
				PRODUCT_NAME = "$(TARGET_NAME)";
			};
			name = Release;
		};
/* End XCBuildConfiguration section */

/* Begin XCConfigurationList section */
		2E0E0C511D43DE4200F51C4E /* Build configuration list for PBXProject "NeighborFood" */ = {
			isa = XCConfigurationList;
			buildConfigurations = (
				2E0E0C681D43DE4200F51C4E /* Debug */,
				2E0E0C691D43DE4200F51C4E /* Release */,
			);
			defaultConfigurationIsVisible = 0;
			defaultConfigurationName = Release;
		};
		2E0E0C6A1D43DE4200F51C4E /* Build configuration list for PBXNativeTarget "NeighborFood" */ = {
			isa = XCConfigurationList;
			buildConfigurations = (
				2E0E0C6B1D43DE4200F51C4E /* Debug */,
				2E0E0C6C1D43DE4200F51C4E /* Release */,
			);
			defaultConfigurationIsVisible = 0;
			defaultConfigurationName = Release;
		};
/* End XCConfigurationList section */
	};
	rootObject = 2E0E0C4E1D43DE4200F51C4E /* Project object */;
}
